
Microsoft Visual Studio Solution File, Format Version 12.00
# Visual Studio 15
VisualStudioVersion = 15.0.27703.2026
MinimumVisualStudioVersion = 10.0.40219.1
Project("{FAE04EC0-301F-11D3-BF4B-00C04F79EFBC}") = "AdoWPF", "AdoWPF\AdoWPF.csproj", "{61309E5D-6B06-4F52-971C-17B15902440E}"
EndProject
Project("{FAE04EC0-301F-11D3-BF4B-00C04F79EFBC}") = "AdoGemeenschap", "AdoGemeenschap\AdoGemeenschap.csproj", "{4DE0948F-C345-44FC-BD08-662F2638998E}"
EndProject
Project("{FAE04EC0-301F-11D3-BF4B-00C04F79EFBC}") = "AdoWPF2", "AdoWPF2\AdoWPF2.csproj", "{11F40C95-9DAB-4E23-9841-968DBDC52994}"
EndProject
Global
	GlobalSection(SolutionConfigurationPlatforms) = preSolution
		Debug|Any CPU = Debug|Any CPU
		Release|Any CPU = Release|Any CPU
	EndGlobalSection
	GlobalSection(ProjectConfigurationPlatforms) = postSolution
		{61309E5D-6B06-4F52-971C-17B15902440E}.Debug|Any CPU.ActiveCfg = Debug|Any CPU
		{61309E5D-6B06-4F52-971C-17B15902440E}.Debug|Any CPU.Build.0 = Debug|Any CPU
		{61309E5D-6B06-4F52-971C-17B15902440E}.Release|Any CPU.ActiveCfg = Release|Any CPU
		{61309E5D-6B06-4F52-971C-17B15902440E}.Release|Any CPU.Build.0 = Release|Any CPU
		{4DE0948F-C345-44FC-BD08-662F2638998E}.Debug|Any CPU.ActiveCfg = Debug|Any CPU
		{4DE0948F-C345-44FC-BD08-662F2638998E}.Debug|Any CPU.Build.0 = Debug|Any CPU
		{4DE0948F-C345-44FC-BD08-662F2638998E}.Release|Any CPU.ActiveCfg = Release|Any CPU
		{4DE0948F-C345-44FC-BD08-662F2638998E}.Release|Any CPU.Build.0 = Release|Any CPU
		{11F40C95-9DAB-4E23-9841-968DBDC52994}.Debug|Any CPU.ActiveCfg = Debug|Any CPU
		{11F40C95-9DAB-4E23-9841-968DBDC52994}.Debug|Any CPU.Build.0 = Debug|Any CPU
		{11F40C95-9DAB-4E23-9841-968DBDC52994}.Release|Any CPU.ActiveCfg = Release|Any CPU
		{11F40C95-9DAB-4E23-9841-968DBDC52994}.Release|Any CPU.Build.0 = Release|Any CPU
	EndGlobalSection
	GlobalSection(SolutionProperties) = preSolution
		HideSolutionNode = FALSE
	EndGlobalSection
	GlobalSection(ExtensibilityGlobals) = postSolution
		SolutionGuid = {657042A4-4495-479B-A211-B1A3F4109355}
	EndGlobalSection
EndGlobal
